
Microsoft Visual Studio Solution File, Format Version 12.00
# Visual Studio 2013
VisualStudioVersion = 12.0.21005.1
MinimumVisualStudioVersion = 10.0.40219.1
Project("{2150E333-8FDC-42A3-9474-1A3956D46DE8}") = ".build", ".build", "{2EF401A4-BA7F-4978-8B32-816C6C4DC555}"
	ProjectSection(SolutionItems) = preProject
		Medseek.Util.proj = Medseek.Util.proj
		README.md = README.md
		Settings.StyleCop = Settings.StyleCop
	EndProjectSection
EndProject
Project("{FAE04EC0-301F-11D3-BF4B-00C04F79EFBC}") = "Medseek.Util", "Medseek.Util\Medseek.Util.csproj", "{CEA7C2FF-8D53-4A8B-8B94-BB2F55538B99}"
EndProject
Project("{FAE04EC0-301F-11D3-BF4B-00C04F79EFBC}") = "Medseek.Util.Ioc.Castle", "Medseek.Util.Ioc.Castle\Medseek.Util.Ioc.Castle.csproj", "{E8FB7235-95E7-4F72-A3ED-374D0B198B73}"
EndProject
Project("{FAE04EC0-301F-11D3-BF4B-00C04F79EFBC}") = "Medseek.Util.Test", "Medseek.Util.Test\Medseek.Util.Test.csproj", "{BA570B57-13D6-4E3E-90C3-7F1D649CDFCB}"
EndProject
Project("{2150E333-8FDC-42A3-9474-1A3956D46DE8}") = ".nuget", ".nuget", "{656B0118-B79F-4BA5-9DA9-6B40E5BB9BD2}"
	ProjectSection(SolutionItems) = preProject
		.nuget\NuGet.Config = .nuget\NuGet.Config
		.nuget\NuGet.exe = .nuget\NuGet.exe
		.nuget\NuGet.targets = .nuget\NuGet.targets
		.nuget\packages.config = .nuget\packages.config
	EndProjectSection
EndProject
Project("{FAE04EC0-301F-11D3-BF4B-00C04F79EFBC}") = "Medseek.Util.Testing", "Medseek.Util.Testing\Medseek.Util.Testing.csproj", "{48BFC366-A1B0-4019-BF33-1E0A10ECFC57}"
EndProject
Project("{FAE04EC0-301F-11D3-BF4B-00C04F79EFBC}") = "Medseek.Util.Logging.Log4Net", "Medseek.Util.Logging.Log4Net\Medseek.Util.Logging.Log4Net.csproj", "{EA8D92C1-EA44-4428-BF89-DDCE27831258}"
EndProject
Project("{FAE04EC0-301F-11D3-BF4B-00C04F79EFBC}") = "Medseek.Util.Messaging.RabbitMq", "Medseek.Util.Messaging.RabbitMq\Medseek.Util.Messaging.RabbitMq.csproj", "{CEE14AB7-0D49-4432-9184-7AA8FA008F14}"
EndProject
Project("{FAE04EC0-301F-11D3-BF4B-00C04F79EFBC}") = "Medseek.Util.Messaging.ActiveMq", "Medseek.Util.Messaging.ActiveMq\Medseek.Util.Messaging.ActiveMq.csproj", "{731165BD-266B-4FB2-8316-8F03D4B01D16}"
EndProject
Project("{FAE04EC0-301F-11D3-BF4B-00C04F79EFBC}") = "Medseek.MicroServices.Run", "Medseek.MicroServices.Run\Medseek.MicroServices.Run.csproj", "{D4D39AEC-CF92-44AC-9300-C920CE32EDD5}"
EndProject
Project("{FAE04EC0-301F-11D3-BF4B-00C04F79EFBC}") = "Medseek.Util.MicroServices.Host", "Medseek.Util.MicroServices.Host\Medseek.Util.MicroServices.Host.csproj", "{40E5B6C1-6598-4FB4-84D2-623DB6626239}"
EndProject
Project("{FAE04EC0-301F-11D3-BF4B-00C04F79EFBC}") = "Medseek.Util.Logging.NLog", "Medseek.Util.Logging.NLog\Medseek.Util.Logging.NLog.csproj", "{EE3C7441-166A-4435-8B0F-C67F650F0BE5}"
EndProject
Project("{FAE04EC0-301F-11D3-BF4B-00C04F79EFBC}") = "Medseek.Util.Serialization.Newtonsoft.Json", "Medseek.Util.Serialization.Newtonsoft.Json\Medseek.Util.Serialization.Newtonsoft.Json.csproj", "{2907D6D6-393C-443C-A2AF-3EC2278F0E45}"
EndProject
Project("{FAE04EC0-301F-11D3-BF4B-00C04F79EFBC}") = "Medseek.Util.MicroServices.Extension", "Medseek.Util.MicroServices.Extension\Medseek.Util.MicroServices.Extension.csproj", "{1C48D347-0BE7-40F4-9393-384E7C469AAD}"
EndProject
Project("{FAE04EC0-301F-11D3-BF4B-00C04F79EFBC}") = "Medseek.Util.MicroServices.ProjectTemplate", "Medseek.Util.MicroServices.ProjectTemplate\Medseek.Util.MicroServices.ProjectTemplate.csproj", "{56DEFF3B-AC08-4A3E-8C3D-E3C93A8C1F5A}"
EndProject
Project("{FAE04EC0-301F-11D3-BF4B-00C04F79EFBC}") = "Medseek.Util.MicroServices.ApplicationServer", "Medseek.Util.MicroServices.ApplicationServer\Medseek.Util.MicroServices.ApplicationServer.csproj", "{C62A6826-43D7-444D-832B-0BFED9296857}"
EndProject
Global
	GlobalSection(SolutionConfigurationPlatforms) = preSolution
		Debug|Any CPU = Debug|Any CPU
		Release|Any CPU = Release|Any CPU
	EndGlobalSection
	GlobalSection(ProjectConfigurationPlatforms) = postSolution
		{CEA7C2FF-8D53-4A8B-8B94-BB2F55538B99}.Debug|Any CPU.ActiveCfg = Debug|Any CPU
		{CEA7C2FF-8D53-4A8B-8B94-BB2F55538B99}.Debug|Any CPU.Build.0 = Debug|Any CPU
		{CEA7C2FF-8D53-4A8B-8B94-BB2F55538B99}.Release|Any CPU.ActiveCfg = Release|Any CPU
		{CEA7C2FF-8D53-4A8B-8B94-BB2F55538B99}.Release|Any CPU.Build.0 = Release|Any CPU
		{E8FB7235-95E7-4F72-A3ED-374D0B198B73}.Debug|Any CPU.ActiveCfg = Debug|Any CPU
		{E8FB7235-95E7-4F72-A3ED-374D0B198B73}.Debug|Any CPU.Build.0 = Debug|Any CPU
		{E8FB7235-95E7-4F72-A3ED-374D0B198B73}.Release|Any CPU.ActiveCfg = Release|Any CPU
		{E8FB7235-95E7-4F72-A3ED-374D0B198B73}.Release|Any CPU.Build.0 = Release|Any CPU
		{BA570B57-13D6-4E3E-90C3-7F1D649CDFCB}.Debug|Any CPU.ActiveCfg = Debug|Any CPU
		{BA570B57-13D6-4E3E-90C3-7F1D649CDFCB}.Debug|Any CPU.Build.0 = Debug|Any CPU
		{BA570B57-13D6-4E3E-90C3-7F1D649CDFCB}.Release|Any CPU.ActiveCfg = Release|Any CPU
		{BA570B57-13D6-4E3E-90C3-7F1D649CDFCB}.Release|Any CPU.Build.0 = Release|Any CPU
		{48BFC366-A1B0-4019-BF33-1E0A10ECFC57}.Debug|Any CPU.ActiveCfg = Debug|Any CPU
		{48BFC366-A1B0-4019-BF33-1E0A10ECFC57}.Debug|Any CPU.Build.0 = Debug|Any CPU
		{48BFC366-A1B0-4019-BF33-1E0A10ECFC57}.Release|Any CPU.ActiveCfg = Release|Any CPU
		{48BFC366-A1B0-4019-BF33-1E0A10ECFC57}.Release|Any CPU.Build.0 = Release|Any CPU
		{EA8D92C1-EA44-4428-BF89-DDCE27831258}.Debug|Any CPU.ActiveCfg = Debug|Any CPU
		{EA8D92C1-EA44-4428-BF89-DDCE27831258}.Debug|Any CPU.Build.0 = Debug|Any CPU
		{EA8D92C1-EA44-4428-BF89-DDCE27831258}.Release|Any CPU.ActiveCfg = Release|Any CPU
		{EA8D92C1-EA44-4428-BF89-DDCE27831258}.Release|Any CPU.Build.0 = Release|Any CPU
		{CEE14AB7-0D49-4432-9184-7AA8FA008F14}.Debug|Any CPU.ActiveCfg = Debug|Any CPU
		{CEE14AB7-0D49-4432-9184-7AA8FA008F14}.Debug|Any CPU.Build.0 = Debug|Any CPU
		{CEE14AB7-0D49-4432-9184-7AA8FA008F14}.Release|Any CPU.ActiveCfg = Release|Any CPU
		{CEE14AB7-0D49-4432-9184-7AA8FA008F14}.Release|Any CPU.Build.0 = Release|Any CPU
		{731165BD-266B-4FB2-8316-8F03D4B01D16}.Debug|Any CPU.ActiveCfg = Debug|Any CPU
		{731165BD-266B-4FB2-8316-8F03D4B01D16}.Debug|Any CPU.Build.0 = Debug|Any CPU
		{731165BD-266B-4FB2-8316-8F03D4B01D16}.Release|Any CPU.ActiveCfg = Release|Any CPU
		{731165BD-266B-4FB2-8316-8F03D4B01D16}.Release|Any CPU.Build.0 = Release|Any CPU
		{D4D39AEC-CF92-44AC-9300-C920CE32EDD5}.Debug|Any CPU.ActiveCfg = Debug|Any CPU
		{D4D39AEC-CF92-44AC-9300-C920CE32EDD5}.Debug|Any CPU.Build.0 = Debug|Any CPU
		{D4D39AEC-CF92-44AC-9300-C920CE32EDD5}.Release|Any CPU.ActiveCfg = Release|Any CPU
		{D4D39AEC-CF92-44AC-9300-C920CE32EDD5}.Release|Any CPU.Build.0 = Release|Any CPU
		{40E5B6C1-6598-4FB4-84D2-623DB6626239}.Debug|Any CPU.ActiveCfg = Debug|Any CPU
		{40E5B6C1-6598-4FB4-84D2-623DB6626239}.Debug|Any CPU.Build.0 = Debug|Any CPU
		{40E5B6C1-6598-4FB4-84D2-623DB6626239}.Release|Any CPU.ActiveCfg = Release|Any CPU
		{40E5B6C1-6598-4FB4-84D2-623DB6626239}.Release|Any CPU.Build.0 = Release|Any CPU
		{EE3C7441-166A-4435-8B0F-C67F650F0BE5}.Debug|Any CPU.ActiveCfg = Debug|Any CPU
		{EE3C7441-166A-4435-8B0F-C67F650F0BE5}.Debug|Any CPU.Build.0 = Debug|Any CPU
		{EE3C7441-166A-4435-8B0F-C67F650F0BE5}.Release|Any CPU.ActiveCfg = Release|Any CPU
		{EE3C7441-166A-4435-8B0F-C67F650F0BE5}.Release|Any CPU.Build.0 = Release|Any CPU
		{2907D6D6-393C-443C-A2AF-3EC2278F0E45}.Debug|Any CPU.ActiveCfg = Debug|Any CPU
		{2907D6D6-393C-443C-A2AF-3EC2278F0E45}.Debug|Any CPU.Build.0 = Debug|Any CPU
		{2907D6D6-393C-443C-A2AF-3EC2278F0E45}.Release|Any CPU.ActiveCfg = Release|Any CPU
		{2907D6D6-393C-443C-A2AF-3EC2278F0E45}.Release|Any CPU.Build.0 = Release|Any CPU
		{1C48D347-0BE7-40F4-9393-384E7C469AAD}.Debug|Any CPU.ActiveCfg = Debug|Any CPU
		{1C48D347-0BE7-40F4-9393-384E7C469AAD}.Debug|Any CPU.Build.0 = Debug|Any CPU
		{1C48D347-0BE7-40F4-9393-384E7C469AAD}.Release|Any CPU.ActiveCfg = Release|Any CPU
		{1C48D347-0BE7-40F4-9393-384E7C469AAD}.Release|Any CPU.Build.0 = Release|Any CPU
		{56DEFF3B-AC08-4A3E-8C3D-E3C93A8C1F5A}.Debug|Any CPU.ActiveCfg = Debug|Any CPU
		{56DEFF3B-AC08-4A3E-8C3D-E3C93A8C1F5A}.Debug|Any CPU.Build.0 = Debug|Any CPU
		{56DEFF3B-AC08-4A3E-8C3D-E3C93A8C1F5A}.Release|Any CPU.ActiveCfg = Release|Any CPU
		{56DEFF3B-AC08-4A3E-8C3D-E3C93A8C1F5A}.Release|Any CPU.Build.0 = Release|Any CPU
		{C62A6826-43D7-444D-832B-0BFED9296857}.Debug|Any CPU.ActiveCfg = Debug|Any CPU
		{C62A6826-43D7-444D-832B-0BFED9296857}.Debug|Any CPU.Build.0 = Debug|Any CPU
		{C62A6826-43D7-444D-832B-0BFED9296857}.Release|Any CPU.ActiveCfg = Release|Any CPU
		{C62A6826-43D7-444D-832B-0BFED9296857}.Release|Any CPU.Build.0 = Release|Any CPU
	EndGlobalSection
	GlobalSection(SolutionProperties) = preSolution
		HideSolutionNode = FALSE
	EndGlobalSection
EndGlobal
